// !$*UTF8*$!
{
	archiveVersion = 1;
	classes = {
	};
	objectVersion = 50;
	objects = {

/* Begin PBXBuildFile section */
		5E587CFD2B9CA79D17650C86 /* Pods_pager.framework in Frameworks */ = {isa = PBXBuildFile; fileRef = E1274F0F998058CDBE9810E4 /* Pods_pager.framework */; };
		841C61E62243D57700BE586B /* AppDelegate.swift in Sources */ = {isa = PBXBuildFile; fileRef = 841C61E52243D57700BE586B /* AppDelegate.swift */; };
		841C61E82243D57700BE586B /* ViewController.swift in Sources */ = {isa = PBXBuildFile; fileRef = 841C61E72243D57700BE586B /* ViewController.swift */; };
		841C61EB2243D57700BE586B /* Main.storyboard in Resources */ = {isa = PBXBuildFile; fileRef = 841C61E92243D57700BE586B /* Main.storyboard */; };
		841C61ED2243D57900BE586B /* Assets.xcassets in Resources */ = {isa = PBXBuildFile; fileRef = 841C61EC2243D57900BE586B /* Assets.xcassets */; };
		841C61F02243D57900BE586B /* LaunchScreen.storyboard in Resources */ = {isa = PBXBuildFile; fileRef = 841C61EE2243D57900BE586B /* LaunchScreen.storyboard */; };
/* End PBXBuildFile section */

/* Begin PBXFileReference section */
		1A45E9AED8280CA6E00A4DBF /* Pods-pager.debug.xcconfig */ = {isa = PBXFileReference; includeInIndex = 1; lastKnownFileType = text.xcconfig; name = "Pods-pager.debug.xcconfig"; path = "Pods/Target Support Files/Pods-pager/Pods-pager.debug.xcconfig"; sourceTree = "<group>"; };
		841C61E22243D57700BE586B /* pager.app */ = {isa = PBXFileReference; explicitFileType = wrapper.application; includeInIndex = 0; path = pager.app; sourceTree = BUILT_PRODUCTS_DIR; };
		841C61E52243D57700BE586B /* AppDelegate.swift */ = {isa = PBXFileReference; lastKnownFileType = sourcecode.swift; path = AppDelegate.swift; sourceTree = "<group>"; };
		841C61E72243D57700BE586B /* ViewController.swift */ = {isa = PBXFileReference; lastKnownFileType = sourcecode.swift; path = ViewController.swift; sourceTree = "<group>"; };
		841C61EA2243D57700BE586B /* Base */ = {isa = PBXFileReference; lastKnownFileType = file.storyboard; name = Base; path = Base.lproj/Main.storyboard; sourceTree = "<group>"; };
		841C61EC2243D57900BE586B /* Assets.xcassets */ = {isa = PBXFileReference; lastKnownFileType = folder.assetcatalog; path = Assets.xcassets; sourceTree = "<group>"; };
		841C61EF2243D57900BE586B /* Base */ = {isa = PBXFileReference; lastKnownFileType = file.storyboard; name = Base; path = Base.lproj/LaunchScreen.storyboard; sourceTree = "<group>"; };
		841C61F12243D57900BE586B /* Info.plist */ = {isa = PBXFileReference; lastKnownFileType = text.plist.xml; path = Info.plist; sourceTree = "<group>"; };
		A9E65B829B56DB0A9F5FD8D9 /* Pods-pager.release.xcconfig */ = {isa = PBXFileReference; includeInIndex = 1; lastKnownFileType = text.xcconfig; name = "Pods-pager.release.xcconfig"; path = "Pods/Target Support Files/Pods-pager/Pods-pager.release.xcconfig"; sourceTree = "<group>"; };
		E1274F0F998058CDBE9810E4 /* Pods_pager.framework */ = {isa = PBXFileReference; explicitFileType = wrapper.framework; includeInIndex = 0; path = Pods_pager.framework; sourceTree = BUILT_PRODUCTS_DIR; };
/* End PBXFileReference section */

/* Begin PBXFrameworksBuildPhase section */
		841C61DF2243D57700BE586B /* Frameworks */ = {
			isa = PBXFrameworksBuildPhase;
			buildActionMask = 2147483647;
			files = (
				5E587CFD2B9CA79D17650C86 /* Pods_pager.framework in Frameworks */,
			);
			runOnlyForDeploymentPostprocessing = 0;
		};
/* End PBXFrameworksBuildPhase section */

/* Begin PBXGroup section */
		3623371D1704ECC7FD59A515 /* Pods */ = {
			isa = PBXGroup;
			children = (
				1A45E9AED8280CA6E00A4DBF /* Pods-pager.debug.xcconfig */,
				A9E65B829B56DB0A9F5FD8D9 /* Pods-pager.release.xcconfig */,
			);
			name = Pods;
			sourceTree = "<group>";
		};
		841C61D92243D57700BE586B = {
			isa = PBXGroup;
			children = (
				841C61E42243D57700BE586B /* pager */,
				841C61E32243D57700BE586B /* Products */,
				3623371D1704ECC7FD59A515 /* Pods */,
				CFCD101455615D278755E28D /* Frameworks */,
			);
			sourceTree = "<group>";
		};
		841C61E32243D57700BE586B /* Products */ = {
			isa = PBXGroup;
			children = (
				841C61E22243D57700BE586B /* pager.app */,
			);
			name = Products;
			sourceTree = "<group>";
		};
		841C61E42243D57700BE586B /* pager */ = {
			isa = PBXGroup;
			children = (
				841C61E52243D57700BE586B /* AppDelegate.swift */,
				841C61E72243D57700BE586B /* ViewController.swift */,
				841C61E92243D57700BE586B /* Main.storyboard */,
				841C61EC2243D57900BE586B /* Assets.xcassets */,
				841C61EE2243D57900BE586B /* LaunchScreen.storyboard */,
				841C61F12243D57900BE586B /* Info.plist */,
			);
			path = pager;
			sourceTree = "<group>";
		};
		CFCD101455615D278755E28D /* Frameworks */ = {
			isa = PBXGroup;
			children = (
				E1274F0F998058CDBE9810E4 /* Pods_pager.framework */,
			);
			name = Frameworks;
			sourceTree = "<group>";
		};
/* End PBXGroup section */

/* Begin PBXNativeTarget section */
		841C61E12243D57700BE586B /* pager */ = {
			isa = PBXNativeTarget;
			buildConfigurationList = 841C61F42243D57900BE586B /* Build configuration list for PBXNativeTarget "pager" */;
			buildPhases = (
				5BB9137C3E00DAFD4E4B928A /* [CP] Check Pods Manifest.lock */,
				841C61DE2243D57700BE586B /* Sources */,
				841C61DF2243D57700BE586B /* Frameworks */,
				841C61E02243D57700BE586B /* Resources */,
				16A0F1B0E497BD94437B2A50 /* [CP] Embed Pods Frameworks */,
			);
			buildRules = (
			);
			dependencies = (
			);
			name = pager;
			productName = pager;
			productReference = 841C61E22243D57700BE586B /* pager.app */;
			productType = "com.apple.product-type.application";
		};
/* End PBXNativeTarget section */

/* Begin PBXProject section */
		841C61DA2243D57700BE586B /* Project object */ = {
			isa = PBXProject;
			attributes = {
				LastSwiftUpdateCheck = 1000;
				LastUpgradeCheck = 1000;
				ORGANIZATIONNAME = DaliaDiab;
				TargetAttributes = {
					841C61E12243D57700BE586B = {
						CreatedOnToolsVersion = 10.0;
					};
				};
			};
			buildConfigurationList = 841C61DD2243D57700BE586B /* Build configuration list for PBXProject "pager" */;
			compatibilityVersion = "Xcode 9.3";
			developmentRegion = en;
			hasScannedForEncodings = 0;
			knownRegions = (
				en,
				Base,
			);
			mainGroup = 841C61D92243D57700BE586B;
			productRefGroup = 841C61E32243D57700BE586B /* Products */;
			projectDirPath = "";
			projectRoot = "";
			targets = (
				841C61E12243D57700BE586B /* pager */,
			);
		};
/* End PBXProject section */

/* Begin PBXResourcesBuildPhase section */
		841C61E02243D57700BE586B /* Resources */ = {
			isa = PBXResourcesBuildPhase;
			buildActionMask = 2147483647;
			files = (
				841C61F02243D57900BE586B /* LaunchScreen.storyboard in Resources */,
				841C61ED2243D57900BE586B /* Assets.xcassets in Resources */,
				841C61EB2243D57700BE586B /* Main.storyboard in Resources */,
			);
			runOnlyForDeploymentPostprocessing = 0;
		};
/* End PBXResourcesBuildPhase section */

/* Begin PBXShellScriptBuildPhase section */
		16A0F1B0E497BD94437B2A50 /* [CP] Embed Pods Frameworks */ = {
			isa = PBXShellScriptBuildPhase;
			buildActionMask = 2147483647;
			files = (
			);
			inputPaths = (
				"${SRCROOT}/Pods/Target Support Files/Pods-pager/Pods-pager-frameworks.sh",
				"${BUILT_PRODUCTS_DIR}/FSPagerView/FSPagerView.framework",
				"${BUILT_PRODUCTS_DIR}/Floaty/Floaty.framework",
			);
			name = "[CP] Embed Pods Frameworks";
			outputPaths = (
				"${TARGET_BUILD_DIR}/${FRAMEWORKS_FOLDER_PATH}/FSPagerView.framework",
				"${TARGET_BUILD_DIR}/${FRAMEWORKS_FOLDER_PATH}/Floaty.framework",
			);
			runOnlyForDeploymentPostprocessing = 0;
			shellPath = /bin/sh;
			shellScript = "\"${SRCROOT}/Pods/Target Support Files/Pods-pager/Pods-pager-frameworks.sh\"\n";
			showEnvVarsInLog = 0;
		};
		5BB9137C3E00DAFD4E4B928A /* [CP] Check Pods Manifest.lock */ = {
			isa = PBXShellScriptBuildPhase;
			buildActionMask = 2147483647;
			files = (
			);
			inputPaths = (
				"${PODS_PODFILE_DIR_PATH}/Podfile.lock",
				"${PODS_ROOT}/Manifest.lock",
			);
			name = "[CP] Check Pods Manifest.lock";
			outputPaths = (
				"$(DERIVED_FILE_DIR)/Pods-pager-checkManifestLockResult.txt",
			);
			runOnlyForDeploymentPostprocessing = 0;
			shellPath = /bin/sh;
			shellScript = "diff \"${PODS_PODFILE_DIR_PATH}/Podfile.lock\" \"${PODS_ROOT}/Manifest.lock\" > /dev/null\nif [ $? != 0 ] ; then\n    # print error to STDERR\n    echo \"error: The sandbox is not in sync with the Podfile.lock. Run 'pod install' or update your CocoaPods installation.\" >&2\n    exit 1\nfi\n# This output is used by Xcode 'outputs' to avoid re-running this script phase.\necho \"SUCCESS\" > \"${SCRIPT_OUTPUT_FILE_0}\"\n";
			showEnvVarsInLog = 0;
		};
/* End PBXShellScriptBuildPhase section */

/* Begin PBXSourcesBuildPhase section */
		841C61DE2243D57700BE586B /* Sources */ = {
			isa = PBXSourcesBuildPhase;
			buildActionMask = 2147483647;
			files = (
				841C61E82243D57700BE586B /* ViewController.swift in Sources */,
				841C61E62243D57700BE586B /* AppDelegate.swift in Sources */,
			);
			runOnlyForDeploymentPostprocessing = 0;
		};
/* End PBXSourcesBuildPhase section */

/* Begin PBXVariantGroup section */
		841C61E92243D57700BE586B /* Main.storyboard */ = {
			isa = PBXVariantGroup;
			children = (
				841C61EA2243D57700BE586B /* Base */,
			);
			name = Main.storyboard;
			sourceTree = "<group>";
		};
		841C61EE2243D57900BE586B /* LaunchScreen.storyboard */ = {
			isa = PBXVariantGroup;
			children = (
				841C61EF2243D57900BE586B /* Base */,
			);
			name = LaunchScreen.storyboard;
			sourceTree = "<group>";
		};
/* End PBXVariantGroup section */

/* Begin XCBuildConfiguration section */
		841C61F22243D57900BE586B /* Debug */ = {
			isa = XCBuildConfiguration;
			buildSettings = {
				ALWAYS_SEARCH_USER_PATHS = NO;
				CLANG_ANALYZER_NONNULL = YES;
				CLANG_ANALYZER_NUMBER_OBJECT_CONVERSION = YES_AGGRESSIVE;
				CLANG_CXX_LANGUAGE_STANDARD = "gnu++14";
				CLANG_CXX_LIBRARY = "libc++";
				CLANG_ENABLE_MODULES = YES;
				CLANG_ENABLE_OBJC_ARC = YES;
				CLANG_ENABLE_OBJC_WEAK = YES;
				CLANG_WARN_BLOCK_CAPTURE_AUTORELEASING = YES;
				CLANG_WARN_BOOL_CONVERSION = YES;
				CLANG_WARN_COMMA = YES;
				CLANG_WARN_CONSTANT_CONVERSION = YES;
				CLANG_WARN_DEPRECATED_OBJC_IMPLEMENTATIONS = YES;
				CLANG_WARN_DIRECT_OBJC_ISA_USAGE = YES_ERROR;
				CLANG_WARN_DOCUMENTATION_COMMENTS = YES;
				CLANG_WARN_EMPTY_BODY = YES;
				CLANG_WARN_ENUM_CONVERSION = YES;
				CLANG_WARN_INFINITE_RECURSION = YES;
				CLANG_WARN_INT_CONVERSION = YES;
				CLANG_WARN_NON_LITERAL_NULL_CONVERSION = YES;
				CLANG_WARN_OBJC_IMPLICIT_RETAIN_SELF = YES;
				CLANG_WARN_OBJC_LITERAL_CONVERSION = YES;
				CLANG_WARN_OBJC_ROOT_CLASS = YES_ERROR;
				CLANG_WARN_RANGE_LOOP_ANALYSIS = YES;
				CLANG_WARN_STRICT_PROTOTYPES = YES;
				CLANG_WARN_SUSPICIOUS_MOVE = YES;
				CLANG_WARN_UNGUARDED_AVAILABILITY = YES_AGGRESSIVE;
				CLANG_WARN_UNREACHABLE_CODE = YES;
				CLANG_WARN__DUPLICATE_METHOD_MATCH = YES;
				CODE_SIGN_IDENTITY = "iPhone Developer";
				COPY_PHASE_STRIP = NO;
				DEBUG_INFORMATION_FORMAT = dwarf;
				ENABLE_STRICT_OBJC_MSGSEND = YES;
				ENABLE_TESTABILITY = YES;
				GCC_C_LANGUAGE_STANDARD = gnu11;
				GCC_DYNAMIC_NO_PIC = NO;
				GCC_NO_COMMON_BLOCKS = YES;
				GCC_OPTIMIZATION_LEVEL = 0;
				GCC_PREPROCESSOR_DEFINITIONS = (
					"DEBUG=1",
					"$(inherited)",
				);
				GCC_WARN_64_TO_32_BIT_CONVERSION = YES;
				GCC_WARN_ABOUT_RETURN_TYPE = YES_ERROR;
				GCC_WARN_UNDECLARED_SELECTOR = YES;
				GCC_WARN_UNINITIALIZED_AUTOS = YES_AGGRESSIVE;
				GCC_WARN_UNUSED_FUNCTION = YES;
				GCC_WARN_UNUSED_VARIABLE = YES;
				IPHONEOS_DEPLOYMENT_TARGET = 12.0;
				MTL_ENABLE_DEBUG_INFO = INCLUDE_SOURCE;
				MTL_FAST_MATH = YES;
				ONLY_ACTIVE_ARCH = YES;
				SDKROOT = iphoneos;
				SWIFT_ACTIVE_COMPILATION_CONDITIONS = DEBUG;
				SWIFT_OPTIMIZATION_LEVEL = "-Onone";
			};
			name = Debug;
		};
		841C61F32243D57900BE586B /* Release */ = {
			isa = XCBuildConfiguration;
			buildSettings = {
				ALWAYS_SEARCH_USER_PATHS = NO;
				CLANG_ANALYZER_NONNULL = YES;
				CLANG_ANALYZER_NUMBER_OBJECT_CONVERSION = YES_AGGRESSIVE;
				CLANG_CXX_LANGUAGE_STANDARD = "gnu++14";
				CLANG_CXX_LIBRARY = "libc++";
				CLANG_ENABLE_MODULES = YES;
				CLANG_ENABLE_OBJC_ARC = YES;
				CLANG_ENABLE_OBJC_WEAK = YES;
				CLANG_WARN_BLOCK_CAPTURE_AUTORELEASING = YES;
				CLANG_WARN_BOOL_CONVERSION = YES;
				CLANG_WARN_COMMA = YES;
				CLANG_WARN_CONSTANT_CONVERSION = YES;
				CLANG_WARN_DEPRECATED_OBJC_IMPLEMENTATIONS = YES;
				CLANG_WARN_DIRECT_OBJC_ISA_USAGE = YES_ERROR;
				CLANG_WARN_DOCUMENTATION_COMMENTS = YES;
				CLANG_WARN_EMPTY_BODY = YES;
				CLANG_WARN_ENUM_CONVERSION = YES;
				CLANG_WARN_INFINITE_RECURSION = YES;
				CLANG_WARN_INT_CONVERSION = YES;
				CLANG_WARN_NON_LITERAL_NULL_CONVERSION = YES;
				CLANG_WARN_OBJC_IMPLICIT_RETAIN_SELF = YES;
				CLANG_WARN_OBJC_LITERAL_CONVERSION = YES;
				CLANG_WARN_OBJC_ROOT_CLASS = YES_ERROR;
				CLANG_WARN_RANGE_LOOP_ANALYSIS = YES;
				CLANG_WARN_STRICT_PROTOTYPES = YES;
				CLANG_WARN_SUSPICIOUS_MOVE = YES;
				CLANG_WARN_UNGUARDED_AVAILABILITY = YES_AGGRESSIVE;
				CLANG_WARN_UNREACHABLE_CODE = YES;
				CLANG_WARN__DUPLICATE_METHOD_MATCH = YES;
				CODE_SIGN_IDENTITY = "iPhone Developer";
				COPY_PHASE_STRIP = NO;
				DEBUG_INFORMATION_FORMAT = "dwarf-with-dsym";
				ENABLE_NS_ASSERTIONS = NO;
				ENABLE_STRICT_OBJC_MSGSEND = YES;
				GCC_C_LANGUAGE_STANDARD = gnu11;
				GCC_NO_COMMON_BLOCKS = YES;
				GCC_WARN_64_TO_32_BIT_CONVERSION = YES;
				GCC_WARN_ABOUT_RETURN_TYPE = YES_ERROR;
				GCC_WARN_UNDECLARED_SELECTOR = YES;
				GCC_WARN_UNINITIALIZED_AUTOS = YES_AGGRESSIVE;
				GCC_WARN_UNUSED_FUNCTION = YES;
				GCC_WARN_UNUSED_VARIABLE = YES;
				IPHONEOS_DEPLOYMENT_TARGET = 12.0;
				MTL_ENABLE_DEBUG_INFO = NO;
				MTL_FAST_MATH = YES;
				SDKROOT = iphoneos;
				SWIFT_COMPILATION_MODE = wholemodule;
				SWIFT_OPTIMIZATION_LEVEL = "-O";
				VALIDATE_PRODUCT = YES;
			};
			name = Release;
		};
		841C61F52243D57900BE586B /* Debug */ = {
			isa = XCBuildConfiguration;
			baseConfigurationReference = 1A45E9AED8280CA6E00A4DBF /* Pods-pager.debug.xcconfig */;
			buildSettings = {
				ASSETCATALOG_COMPILER_APPICON_NAME = AppIcon;
				CODE_SIGN_STYLE = Automatic;
				INFOPLIST_FILE = pager/Info.plist;
				LD_RUNPATH_SEARCH_PATHS = (
					"$(inherited)",
					"@executable_path/Frameworks",
				);
				PRODUCT_BUNDLE_IDENTIFIER = DaliaDiab.pager;
				PRODUCT_NAME = "$(TARGET_NAME)";
				SWIFT_VERSION = 4.2;
				TARGETED_DEVICE_FAMILY = "1,2";
			};
			name = Debug;
		};
		841C61F62243D57900BE586B /* Release */ = {
			isa = XCBuildConfiguration;
			baseConfigurationReference = A9E65B829B56DB0A9F5FD8D9 /* Pods-pager.release.xcconfig */;
			buildSettings = {
				ASSETCATALOG_COMPILER_APPICON_NAME = AppIcon;
				CODE_SIGN_STYLE = Automatic;
				INFOPLIST_FILE = pager/Info.plist;
				LD_RUNPATH_SEARCH_PATHS = (
					"$(inherited)",
					"@executable_path/Frameworks",
				);
				PRODUCT_BUNDLE_IDENTIFIER = DaliaDiab.pager;
				PRODUCT_NAME = "$(TARGET_NAME)";
				SWIFT_VERSION = 4.2;
				TARGETED_DEVICE_FAMILY = "1,2";
			};
			name = Release;
		};
/* End XCBuildConfiguration section */

/* Begin XCConfigurationList section */
		841C61DD2243D57700BE586B /* Build configuration list for PBXProject "pager" */ = {
			isa = XCConfigurationList;
			buildConfigurations = (
				841C61F22243D57900BE586B /* Debug */,
				841C61F32243D57900BE586B /* Release */,
			);
			defaultConfigurationIsVisible = 0;
			defaultConfigurationName = Release;
		};
		841C61F42243D57900BE586B /* Build configuration list for PBXNativeTarget "pager" */ = {
			isa = XCConfigurationList;
			buildConfigurations = (
				841C61F52243D57900BE586B /* Debug */,
				841C61F62243D57900BE586B /* Release */,
			);
			defaultConfigurationIsVisible = 0;
			defaultConfigurationName = Release;
		};
/* End XCConfigurationList section */
	};
	rootObject = 841C61DA2243D57700BE586B /* Project object */;
}
